github.com/go-chi/chi/v5 v5.0.7 h1:rDTPXLDHGATaeHvVlLcR4Qe0zftYethFucbjVQ1PxU8=
github.com/go-chi/chi/v5 v5.0.7/go.mod h1:DslCQbL2OYiznFReuXYUmQ2hGd1aDpCnlMNITLSKoi8=
github.com/go-chi/cors v1.2.0 h1:tV1g1XENQ8ku4Bq3K9ub2AtgG+p16SmzeMSGTwrOKdE=
github.com/go-chi/cors v1.2.0/go.mod h1:sSbTewc+6wYHBBCW7ytsFSn836hqM7JxpglAy2Vzc58=
github.com/lib/pq v1.10.2 h1:AqzbZs4ZoCBp+GtejcpCpcxM3zlSMx29dXbUSeVtJb8=
github.com/lib/pq v1.10.2/go.mod h1:AlVN5x4E4T544tWzH6hKfbfQvm3HdbOxrmggDNAPY9o=
github.com/oussama4/command v0.2.1 h1:JNy29IZoUe+2ZdikC/kMyMeURUYHyuSAgiz1KD2T9Cg=
github.com/oussama4/command v0.2.1/go.mod h1:0ocbRchhkPnUbkVQghE74MhzOmZu8WjnqR1E6gPXMzE=
github.com/oussama4/sqlbuilder v0.1.0 h1:vrMxdkWXzURrIeQ+UCdeBds9zJFMpOi+MqBKX0ZzTN4=
github.com/oussama4/sqlbuilder v0.1.0/go.mod h1:EIWD9LEVwc2rbxNPpF13IrGb3c5IBx9YUKrV0NjjZMk=
github.com/oussama4/stx v0.0.0-20210731171310-b75579016d8b h1:I5mX3656XepuVkrkiDPKuU39TJiDaGcNQMPonKErBkg=
github.com/oussama4/stx v0.0.0-20210731171310-b75579016d8b/go.mod h1:jtNtGjS821qpWEfSO+FCYnL6W+tIJFHCSsIZu8uXfkY=
