github.com/ardanlabs/conf/v3 v3.1.1 h1:jNzP/i9Z7ZPR09oBUp8l/1U0DiviW0EbjIuZ7hf8w94=
github.com/ardanlabs/conf/v3 v3.1.1/go.mod h1:bIacyuGeZjkTdtszdbvOcuq49VhHpV3+IPZ2ewOAK4I=
github.com/go-chi/chi/v5 v5.0.7 h1:rDTPXLDHGATaeHvVlLcR4Qe0zftYethFucbjVQ1PxU8=
github.com/go-chi/chi/v5 v5.0.7/go.mod h1:DslCQbL2OYiznFReuXYUmQ2hGd1aDpCnlMNITLSKoi8=
github.com/go-chi/cors v1.2.0 h1:tV1g1XENQ8ku4Bq3K9ub2AtgG+p16SmzeMSGTwrOKdE=
github.com/go-chi/cors v1.2.0/go.mod h1:sSbTewc+6wYHBBCW7ytsFSn836hqM7JxpglAy2Vzc58=
github.com/google/go-cmp v0.3.1 h1:Xye71clBPdm5HgqGwUkwhbynsUJZhDbS20FvLhQ2izg=
github.com/google/go-cmp v0.3.1/go.mod h1:8QqcDgzrUqlUb/G2PQTWiueGozuR1884gddMywk6iLU=
github.com/lib/pq v1.10.4 h1:SO9z7FRPzA03QhHKJrH5BXA6HU1rS4V2nIVrrNC1iYk=
github.com/lib/pq v1.10.4/go.mod h1:AlVN5x4E4T544tWzH6hKfbfQvm3HdbOxrmggDNAPY9o=
github.com/oussama4/sqlbuilder v0.2.0 h1:4B23J3ke5peGDH6ZCk24BUYKh+0fTnPpRKnyx8ME5Po=
github.com/oussama4/sqlbuilder v0.2.0/go.mod h1:EIWD9LEVwc2rbxNPpF13IrGb3c5IBx9YUKrV0NjjZMk=
github.com/oussama4/stx v0.0.0-20210731171310-b75579016d8b h1:I5mX3656XepuVkrkiDPKuU39TJiDaGcNQMPonKErBkg=
github.com/oussama4/stx v0.0.0-20210731171310-b75579016d8b/go.mod h1:jtNtGjS821qpWEfSO+FCYnL6W+tIJFHCSsIZu8uXfkY=
gopkg.in/check.v1 v0.0.0-20161208181325-20d25e280405/go.mod h1:Co6ibVJAznAaIkqp8huTwlJQCZ016jof/cbN4VW5Yz0=
gopkg.in/yaml.v2 v2.4.0 h1:D8xgwECY7CYvx+Y2n4sBz93Jn9JRvxdiyyo8CTfuKaY=
gopkg.in/yaml.v2 v2.4.0/go.mod h1:RDklbk79AGWmwhnvt/jBztapEOGDOx6ZbXqjP6csGnQ=
